Microsoft Visual Studio Solution File, Format Version 12.00
# Visual Studio Version 17
VisualStudioVersion = 17.5.2.0
MinimumVisualStudioVersion = 10.0.40219.1
Project("{FAE04EC0-301F-11D3-BF4B-00C04F79EFBC}") = "UserNotificationsService", "UserNotificationsService.csproj", "{B2F1A1F8-8EFE-3243-2EF4-9217B16AFA69}"
EndProject
Global
	GlobalSection(SolutionConfigurationPlatforms) = preSolution
		Debug|Any CPU = Debug|Any CPU
		Release|Any CPU = Release|Any CPU
	EndGlobalSection
	GlobalSection(ProjectConfigurationPlatforms) = postSolution
		{B2F1A1F8-8EFE-3243-2EF4-9217B16AFA69}.Debug|Any CPU.ActiveCfg = Debug|Any CPU
		{B2F1A1F8-8EFE-3243-2EF4-9217B16AFA69}.Debug|Any CPU.Build.0 = Debug|Any CPU
		{B2F1A1F8-8EFE-3243-2EF4-9217B16AFA69}.Release|Any CPU.ActiveCfg = Release|Any CPU
		{B2F1A1F8-8EFE-3243-2EF4-9217B16AFA69}.Release|Any CPU.Build.0 = Release|Any CPU
	EndGlobalSection
	GlobalSection(SolutionProperties) = preSolution
		HideSolutionNode = FALSE
	EndGlobalSection
	GlobalSection(ExtensibilityGlobals) = postSolution
		SolutionGuid = {E4EA2C4A-E5B8-4DE2-A178-B3F2E9D9A204}
	EndGlobalSection
EndGlobal
